
Microsoft Visual Studio Solution File, Format Version 12.00
Project("{FAE04EC0-301F-11D3-BF4B-00C04F79EFBC}") = "CsiSecretProvider", "CsiSecretProvider\CsiSecretProvider.csproj", "{C4CE7F34-F3A8-41A8-9813-1F83EB139398}"
EndProject
Global
	GlobalSection(SolutionConfigurationPlatforms) = preSolution
		Debug|Any CPU = Debug|Any CPU
		Release|Any CPU = Release|Any CPU
	EndGlobalSection
	GlobalSection(ProjectConfigurationPlatforms) = postSolution
		{C4CE7F34-F3A8-41A8-9813-1F83EB139398}.Debug|Any CPU.ActiveCfg = Debug|Any CPU
		{C4CE7F34-F3A8-41A8-9813-1F83EB139398}.Debug|Any CPU.Build.0 = Debug|Any CPU
		{C4CE7F34-F3A8-41A8-9813-1F83EB139398}.Release|Any CPU.ActiveCfg = Release|Any CPU
		{C4CE7F34-F3A8-41A8-9813-1F83EB139398}.Release|Any CPU.Build.0 = Release|Any CPU
	EndGlobalSection
EndGlobal
